
Microsoft Visual Studio Solution File, Format Version 12.00
# Visual Studio Version 17
VisualStudioVersion = 17.0.31903.59
MinimumVisualStudioVersion = 10.0.40219.1
Project("{FAE04EC0-301F-11D3-BF4B-00C04F79EFBC}") = "DataAnalytics", "DataAnalytics.csproj", "{4DEF3BC8-676E-4295-8C25-51CDA4C8371F}"
EndProject
Project("{2150E333-8FDC-42A3-9474-1A3956D46DE8}") = "src", "src", "{827E0CD3-B72D-47B6-A68D-7590B98EB39B}"
EndProject
Project("{FAE04EC0-301F-11D3-BF4B-00C04F79EFBC}") = "QT.Core", "src\QT.Core\QT.Core.csproj", "{98694D16-DFBF-483A-92FE-BE67445D916C}"
EndProject
Project("{FAE04EC0-301F-11D3-BF4B-00C04F79EFBC}") = "QT.Market", "src\QT.Market\QT.Market.csproj", "{E2969907-B9BF-4F3D-A3D5-853B82EFE209}"
EndProject
Project("{FAE04EC0-301F-11D3-BF4B-00C04F79EFBC}") = "QT.Features", "src\QT.Features\QT.Features.csproj", "{7E9DE2C5-496D-44B5-9244-79812BCAA549}"
EndProject
Project("{FAE04EC0-301F-11D3-BF4B-00C04F79EFBC}") = "QT.Storage", "src\QT.Storage\QT.Storage.csproj", "{4F20E0DB-D50D-461E-A38D-1F089DB3D6D3}"
EndProject
Project("{FAE04EC0-301F-11D3-BF4B-00C04F79EFBC}") = "QT.Runtime", "src\QT.Runtime\QT.Runtime.csproj", "{27482F2A-5FAB-4FCB-917A-50267A28F858}"
EndProject
Project("{FAE04EC0-301F-11D3-BF4B-00C04F79EFBC}") = "QT.Simulation", "src\QT.Simulation\QT.Simulation.csproj", "{92347FBE-8EC9-407D-8C54-4D16854C6E6A}"
EndProject
Project("{FAE04EC0-301F-11D3-BF4B-00C04F79EFBC}") = "QT.Execution", "src\QT.Execution\QT.Execution.csproj", "{1537335A-810A-420F-BD13-FC9FFAC921F0}"
EndProject
Project("{2150E333-8FDC-42A3-9474-1A3956D46DE8}") = "tests", "tests", "{0AB3BF05-4346-4AA6-1389-037BE0695223}"
EndProject
Project("{FAE04EC0-301F-11D3-BF4B-00C04F79EFBC}") = "QT.UnitTests", "tests\QT.UnitTests\QT.UnitTests.csproj", "{06C27105-17B0-40D3-99DD-78DA66B535BC}"
EndProject
Project("{2150E333-8FDC-42A3-9474-1A3956D46DE8}") = "legacy_v1", "legacy_v1", "{481DCE73-D543-CE95-5E2B-C7F666718E6B}"
EndProject
Project("{FAE04EC0-301F-11D3-BF4B-00C04F79EFBC}") = "Analytics.V1", "legacy_v1\Analytics.V1.csproj", "{41B9BA12-14E5-467B-83D5-B6608D426DA0}"
EndProject
Global
	GlobalSection(SolutionConfigurationPlatforms) = preSolution
		Debug|Any CPU = Debug|Any CPU
		Debug|x64 = Debug|x64
		Debug|x86 = Debug|x86
		Release|Any CPU = Release|Any CPU
		Release|x64 = Release|x64
		Release|x86 = Release|x86
	EndGlobalSection
	GlobalSection(ProjectConfigurationPlatforms) = postSolution
		{4DEF3BC8-676E-4295-8C25-51CDA4C8371F}.Debug|Any CPU.ActiveCfg = Debug|Any CPU
		{4DEF3BC8-676E-4295-8C25-51CDA4C8371F}.Debug|Any CPU.Build.0 = Debug|Any CPU
		{4DEF3BC8-676E-4295-8C25-51CDA4C8371F}.Debug|x64.ActiveCfg = Debug|Any CPU
		{4DEF3BC8-676E-4295-8C25-51CDA4C8371F}.Debug|x64.Build.0 = Debug|Any CPU
		{4DEF3BC8-676E-4295-8C25-51CDA4C8371F}.Debug|x86.ActiveCfg = Debug|Any CPU
		{4DEF3BC8-676E-4295-8C25-51CDA4C8371F}.Debug|x86.Build.0 = Debug|Any CPU
		{4DEF3BC8-676E-4295-8C25-51CDA4C8371F}.Release|Any CPU.ActiveCfg = Release|Any CPU
		{4DEF3BC8-676E-4295-8C25-51CDA4C8371F}.Release|Any CPU.Build.0 = Release|Any CPU
		{4DEF3BC8-676E-4295-8C25-51CDA4C8371F}.Release|x64.ActiveCfg = Release|Any CPU
		{4DEF3BC8-676E-4295-8C25-51CDA4C8371F}.Release|x64.Build.0 = Release|Any CPU
		{4DEF3BC8-676E-4295-8C25-51CDA4C8371F}.Release|x86.ActiveCfg = Release|Any CPU
		{4DEF3BC8-676E-4295-8C25-51CDA4C8371F}.Release|x86.Build.0 = Release|Any CPU
		{98694D16-DFBF-483A-92FE-BE67445D916C}.Debug|Any CPU.ActiveCfg = Debug|Any CPU
		{98694D16-DFBF-483A-92FE-BE67445D916C}.Debug|Any CPU.Build.0 = Debug|Any CPU
		{98694D16-DFBF-483A-92FE-BE67445D916C}.Debug|x64.ActiveCfg = Debug|Any CPU
		{98694D16-DFBF-483A-92FE-BE67445D916C}.Debug|x64.Build.0 = Debug|Any CPU
		{98694D16-DFBF-483A-92FE-BE67445D916C}.Debug|x86.ActiveCfg = Debug|Any CPU
		{98694D16-DFBF-483A-92FE-BE67445D916C}.Debug|x86.Build.0 = Debug|Any CPU
		{98694D16-DFBF-483A-92FE-BE67445D916C}.Release|Any CPU.ActiveCfg = Release|Any CPU
		{98694D16-DFBF-483A-92FE-BE67445D916C}.Release|Any CPU.Build.0 = Release|Any CPU
		{98694D16-DFBF-483A-92FE-BE67445D916C}.Release|x64.ActiveCfg = Release|Any CPU
		{98694D16-DFBF-483A-92FE-BE67445D916C}.Release|x64.Build.0 = Release|Any CPU
		{98694D16-DFBF-483A-92FE-BE67445D916C}.Release|x86.ActiveCfg = Release|Any CPU
		{98694D16-DFBF-483A-92FE-BE67445D916C}.Release|x86.Build.0 = Release|Any CPU
		{E2969907-B9BF-4F3D-A3D5-853B82EFE209}.Debug|Any CPU.ActiveCfg = Debug|Any CPU
		{E2969907-B9BF-4F3D-A3D5-853B82EFE209}.Debug|Any CPU.Build.0 = Debug|Any CPU
		{E2969907-B9BF-4F3D-A3D5-853B82EFE209}.Debug|x64.ActiveCfg = Debug|Any CPU
		{E2969907-B9BF-4F3D-A3D5-853B82EFE209}.Debug|x64.Build.0 = Debug|Any CPU
		{E2969907-B9BF-4F3D-A3D5-853B82EFE209}.Debug|x86.ActiveCfg = Debug|Any CPU
		{E2969907-B9BF-4F3D-A3D5-853B82EFE209}.Debug|x86.Build.0 = Debug|Any CPU
		{E2969907-B9BF-4F3D-A3D5-853B82EFE209}.Release|Any CPU.ActiveCfg = Release|Any CPU
		{E2969907-B9BF-4F3D-A3D5-853B82EFE209}.Release|Any CPU.Build.0 = Release|Any CPU
		{E2969907-B9BF-4F3D-A3D5-853B82EFE209}.Release|x64.ActiveCfg = Release|Any CPU
		{E2969907-B9BF-4F3D-A3D5-853B82EFE209}.Release|x64.Build.0 = Release|Any CPU
		{E2969907-B9BF-4F3D-A3D5-853B82EFE209}.Release|x86.ActiveCfg = Release|Any CPU
		{E2969907-B9BF-4F3D-A3D5-853B82EFE209}.Release|x86.Build.0 = Release|Any CPU
		{7E9DE2C5-496D-44B5-9244-79812BCAA549}.Debug|Any CPU.ActiveCfg = Debug|Any CPU
		{7E9DE2C5-496D-44B5-9244-79812BCAA549}.Debug|Any CPU.Build.0 = Debug|Any CPU
		{7E9DE2C5-496D-44B5-9244-79812BCAA549}.Debug|x64.ActiveCfg = Debug|Any CPU
		{7E9DE2C5-496D-44B5-9244-79812BCAA549}.Debug|x64.Build.0 = Debug|Any CPU
		{7E9DE2C5-496D-44B5-9244-79812BCAA549}.Debug|x86.ActiveCfg = Debug|Any CPU
		{7E9DE2C5-496D-44B5-9244-79812BCAA549}.Debug|x86.Build.0 = Debug|Any CPU
		{7E9DE2C5-496D-44B5-9244-79812BCAA549}.Release|Any CPU.ActiveCfg = Release|Any CPU
		{7E9DE2C5-496D-44B5-9244-79812BCAA549}.Release|Any CPU.Build.0 = Release|Any CPU
		{7E9DE2C5-496D-44B5-9244-79812BCAA549}.Release|x64.ActiveCfg = Release|Any CPU
		{7E9DE2C5-496D-44B5-9244-79812BCAA549}.Release|x64.Build.0 = Release|Any CPU
		{7E9DE2C5-496D-44B5-9244-79812BCAA549}.Release|x86.ActiveCfg = Release|Any CPU
		{7E9DE2C5-496D-44B5-9244-79812BCAA549}.Release|x86.Build.0 = Release|Any CPU
		{4F20E0DB-D50D-461E-A38D-1F089DB3D6D3}.Debug|Any CPU.ActiveCfg = Debug|Any CPU
		{4F20E0DB-D50D-461E-A38D-1F089DB3D6D3}.Debug|Any CPU.Build.0 = Debug|Any CPU
		{4F20E0DB-D50D-461E-A38D-1F089DB3D6D3}.Debug|x64.ActiveCfg = Debug|Any CPU
		{4F20E0DB-D50D-461E-A38D-1F089DB3D6D3}.Debug|x64.Build.0 = Debug|Any CPU
		{4F20E0DB-D50D-461E-A38D-1F089DB3D6D3}.Debug|x86.ActiveCfg = Debug|Any CPU
		{4F20E0DB-D50D-461E-A38D-1F089DB3D6D3}.Debug|x86.Build.0 = Debug|Any CPU
		{4F20E0DB-D50D-461E-A38D-1F089DB3D6D3}.Release|Any CPU.ActiveCfg = Release|Any CPU
		{4F20E0DB-D50D-461E-A38D-1F089DB3D6D3}.Release|Any CPU.Build.0 = Release|Any CPU
		{4F20E0DB-D50D-461E-A38D-1F089DB3D6D3}.Release|x64.ActiveCfg = Release|Any CPU
		{4F20E0DB-D50D-461E-A38D-1F089DB3D6D3}.Release|x64.Build.0 = Release|Any CPU
		{4F20E0DB-D50D-461E-A38D-1F089DB3D6D3}.Release|x86.ActiveCfg = Release|Any CPU
		{4F20E0DB-D50D-461E-A38D-1F089DB3D6D3}.Release|x86.Build.0 = Release|Any CPU
		{27482F2A-5FAB-4FCB-917A-50267A28F858}.Debug|Any CPU.ActiveCfg = Debug|Any CPU
		{27482F2A-5FAB-4FCB-917A-50267A28F858}.Debug|Any CPU.Build.0 = Debug|Any CPU
		{27482F2A-5FAB-4FCB-917A-50267A28F858}.Debug|x64.ActiveCfg = Debug|Any CPU
		{27482F2A-5FAB-4FCB-917A-50267A28F858}.Debug|x64.Build.0 = Debug|Any CPU
		{27482F2A-5FAB-4FCB-917A-50267A28F858}.Debug|x86.ActiveCfg = Debug|Any CPU
		{27482F2A-5FAB-4FCB-917A-50267A28F858}.Debug|x86.Build.0 = Debug|Any CPU
		{27482F2A-5FAB-4FCB-917A-50267A28F858}.Release|Any CPU.ActiveCfg = Release|Any CPU
		{27482F2A-5FAB-4FCB-917A-50267A28F858}.Release|Any CPU.Build.0 = Release|Any CPU
		{27482F2A-5FAB-4FCB-917A-50267A28F858}.Release|x64.ActiveCfg = Release|Any CPU
		{27482F2A-5FAB-4FCB-917A-50267A28F858}.Release|x64.Build.0 = Release|Any CPU
		{27482F2A-5FAB-4FCB-917A-50267A28F858}.Release|x86.ActiveCfg = Release|Any CPU
		{27482F2A-5FAB-4FCB-917A-50267A28F858}.Release|x86.Build.0 = Release|Any CPU
		{92347FBE-8EC9-407D-8C54-4D16854C6E6A}.Debug|Any CPU.ActiveCfg = Debug|Any CPU
		{92347FBE-8EC9-407D-8C54-4D16854C6E6A}.Debug|Any CPU.Build.0 = Debug|Any CPU
		{92347FBE-8EC9-407D-8C54-4D16854C6E6A}.Debug|x64.ActiveCfg = Debug|Any CPU
		{92347FBE-8EC9-407D-8C54-4D16854C6E6A}.Debug|x64.Build.0 = Debug|Any CPU
		{92347FBE-8EC9-407D-8C54-4D16854C6E6A}.Debug|x86.ActiveCfg = Debug|Any CPU
		{92347FBE-8EC9-407D-8C54-4D16854C6E6A}.Debug|x86.Build.0 = Debug|Any CPU
		{92347FBE-8EC9-407D-8C54-4D16854C6E6A}.Release|Any CPU.ActiveCfg = Release|Any CPU
		{92347FBE-8EC9-407D-8C54-4D16854C6E6A}.Release|Any CPU.Build.0 = Release|Any CPU
		{92347FBE-8EC9-407D-8C54-4D16854C6E6A}.Release|x64.ActiveCfg = Release|Any CPU
		{92347FBE-8EC9-407D-8C54-4D16854C6E6A}.Release|x64.Build.0 = Release|Any CPU
		{92347FBE-8EC9-407D-8C54-4D16854C6E6A}.Release|x86.ActiveCfg = Release|Any CPU
		{92347FBE-8EC9-407D-8C54-4D16854C6E6A}.Release|x86.Build.0 = Release|Any CPU
		{1537335A-810A-420F-BD13-FC9FFAC921F0}.Debug|Any CPU.ActiveCfg = Debug|Any CPU
		{1537335A-810A-420F-BD13-FC9FFAC921F0}.Debug|Any CPU.Build.0 = Debug|Any CPU
		{1537335A-810A-420F-BD13-FC9FFAC921F0}.Debug|x64.ActiveCfg = Debug|Any CPU
		{1537335A-810A-420F-BD13-FC9FFAC921F0}.Debug|x64.Build.0 = Debug|Any CPU
		{1537335A-810A-420F-BD13-FC9FFAC921F0}.Debug|x86.ActiveCfg = Debug|Any CPU
		{1537335A-810A-420F-BD13-FC9FFAC921F0}.Debug|x86.Build.0 = Debug|Any CPU
		{1537335A-810A-420F-BD13-FC9FFAC921F0}.Release|Any CPU.ActiveCfg = Release|Any CPU
		{1537335A-810A-420F-BD13-FC9FFAC921F0}.Release|Any CPU.Build.0 = Release|Any CPU
		{1537335A-810A-420F-BD13-FC9FFAC921F0}.Release|x64.ActiveCfg = Release|Any CPU
		{1537335A-810A-420F-BD13-FC9FFAC921F0}.Release|x64.Build.0 = Release|Any CPU
		{1537335A-810A-420F-BD13-FC9FFAC921F0}.Release|x86.ActiveCfg = Release|Any CPU
		{1537335A-810A-420F-BD13-FC9FFAC921F0}.Release|x86.Build.0 = Release|Any CPU
		{06C27105-17B0-40D3-99DD-78DA66B535BC}.Debug|Any CPU.ActiveCfg = Debug|Any CPU
		{06C27105-17B0-40D3-99DD-78DA66B535BC}.Debug|Any CPU.Build.0 = Debug|Any CPU
		{06C27105-17B0-40D3-99DD-78DA66B535BC}.Debug|x64.ActiveCfg = Debug|Any CPU
		{06C27105-17B0-40D3-99DD-78DA66B535BC}.Debug|x64.Build.0 = Debug|Any CPU
		{06C27105-17B0-40D3-99DD-78DA66B535BC}.Debug|x86.ActiveCfg = Debug|Any CPU
		{06C27105-17B0-40D3-99DD-78DA66B535BC}.Debug|x86.Build.0 = Debug|Any CPU
		{06C27105-17B0-40D3-99DD-78DA66B535BC}.Release|Any CPU.ActiveCfg = Release|Any CPU
		{06C27105-17B0-40D3-99DD-78DA66B535BC}.Release|Any CPU.Build.0 = Release|Any CPU
		{06C27105-17B0-40D3-99DD-78DA66B535BC}.Release|x64.ActiveCfg = Release|Any CPU
		{06C27105-17B0-40D3-99DD-78DA66B535BC}.Release|x64.Build.0 = Release|Any CPU
		{06C27105-17B0-40D3-99DD-78DA66B535BC}.Release|x86.ActiveCfg = Release|Any CPU
		{06C27105-17B0-40D3-99DD-78DA66B535BC}.Release|x86.Build.0 = Release|Any CPU
		{41B9BA12-14E5-467B-83D5-B6608D426DA0}.Debug|Any CPU.ActiveCfg = Debug|Any CPU
		{41B9BA12-14E5-467B-83D5-B6608D426DA0}.Debug|Any CPU.Build.0 = Debug|Any CPU
		{41B9BA12-14E5-467B-83D5-B6608D426DA0}.Debug|x64.ActiveCfg = Debug|Any CPU
		{41B9BA12-14E5-467B-83D5-B6608D426DA0}.Debug|x64.Build.0 = Debug|Any CPU
		{41B9BA12-14E5-467B-83D5-B6608D426DA0}.Debug|x86.ActiveCfg = Debug|Any CPU
		{41B9BA12-14E5-467B-83D5-B6608D426DA0}.Debug|x86.Build.0 = Debug|Any CPU
		{41B9BA12-14E5-467B-83D5-B6608D426DA0}.Release|Any CPU.ActiveCfg = Release|Any CPU
		{41B9BA12-14E5-467B-83D5-B6608D426DA0}.Release|Any CPU.Build.0 = Release|Any CPU
		{41B9BA12-14E5-467B-83D5-B6608D426DA0}.Release|x64.ActiveCfg = Release|Any CPU
		{41B9BA12-14E5-467B-83D5-B6608D426DA0}.Release|x64.Build.0 = Release|Any CPU
		{41B9BA12-14E5-467B-83D5-B6608D426DA0}.Release|x86.ActiveCfg = Release|Any CPU
		{41B9BA12-14E5-467B-83D5-B6608D426DA0}.Release|x86.Build.0 = Release|Any CPU
	EndGlobalSection
	GlobalSection(SolutionProperties) = preSolution
		HideSolutionNode = FALSE
	EndGlobalSection
	GlobalSection(NestedProjects) = preSolution
		{98694D16-DFBF-483A-92FE-BE67445D916C} = {827E0CD3-B72D-47B6-A68D-7590B98EB39B}
		{E2969907-B9BF-4F3D-A3D5-853B82EFE209} = {827E0CD3-B72D-47B6-A68D-7590B98EB39B}
		{7E9DE2C5-496D-44B5-9244-79812BCAA549} = {827E0CD3-B72D-47B6-A68D-7590B98EB39B}
		{4F20E0DB-D50D-461E-A38D-1F089DB3D6D3} = {827E0CD3-B72D-47B6-A68D-7590B98EB39B}
		{27482F2A-5FAB-4FCB-917A-50267A28F858} = {827E0CD3-B72D-47B6-A68D-7590B98EB39B}
		{92347FBE-8EC9-407D-8C54-4D16854C6E6A} = {827E0CD3-B72D-47B6-A68D-7590B98EB39B}
		{1537335A-810A-420F-BD13-FC9FFAC921F0} = {827E0CD3-B72D-47B6-A68D-7590B98EB39B}
		{06C27105-17B0-40D3-99DD-78DA66B535BC} = {0AB3BF05-4346-4AA6-1389-037BE0695223}
		{41B9BA12-14E5-467B-83D5-B6608D426DA0} = {481DCE73-D543-CE95-5E2B-C7F666718E6B}
	EndGlobalSection
EndGlobal
